
Microsoft Visual Studio Solution File, Format Version 12.00
# Visual Studio 15
VisualStudioVersion = 15.0.28307.421
MinimumVisualStudioVersion = 10.0.40219.1
Project("{FAE04EC0-301F-11D3-BF4B-00C04F79EFBC}") = "YGOProAnalyticsServer", "YGOProAnalyticsServer\YGOProAnalyticsServer.csproj", "{B0CCC126-E1BC-4907-8F39-EC75BC99F3BE}"
EndProject
Global
	GlobalSection(SolutionConfigurationPlatforms) = preSolution
		Debug|Any CPU = Debug|Any CPU
		Release|Any CPU = Release|Any CPU
	EndGlobalSection
	GlobalSection(ProjectConfigurationPlatforms) = postSolution
		{B0CCC126-E1BC-4907-8F39-EC75BC99F3BE}.Debug|Any CPU.ActiveCfg = Debug|Any CPU
		{B0CCC126-E1BC-4907-8F39-EC75BC99F3BE}.Debug|Any CPU.Build.0 = Debug|Any CPU
		{B0CCC126-E1BC-4907-8F39-EC75BC99F3BE}.Release|Any CPU.ActiveCfg = Release|Any CPU
		{B0CCC126-E1BC-4907-8F39-EC75BC99F3BE}.Release|Any CPU.Build.0 = Release|Any CPU
	EndGlobalSection
	GlobalSection(SolutionProperties) = preSolution
		HideSolutionNode = FALSE
	EndGlobalSection
	GlobalSection(ExtensibilityGlobals) = postSolution
		SolutionGuid = {6BB5518E-9B5B-4607-8BD6-229693E0A4FA}
	EndGlobalSection
EndGlobal
